// !$*UTF8*$!
{
	archiveVersion = 1;
	classes = {
	};
	objectVersion = 56;
	objects = {

/* Begin PBXBuildFile section */
		7D312D322BD8A47800F9514E /* Emoji_ArtApp.swift in Sources */ = {isa = PBXBuildFile; fileRef = 7D312D312BD8A47800F9514E /* Emoji_ArtApp.swift */; };
		7D312D362BD8A47D00F9514E /* Assets.xcassets in Resources */ = {isa = PBXBuildFile; fileRef = 7D312D352BD8A47D00F9514E /* Assets.xcassets */; };
		7D312D392BD8A47D00F9514E /* Preview Assets.xcassets in Resources */ = {isa = PBXBuildFile; fileRef = 7D312D382BD8A47D00F9514E /* Preview Assets.xcassets */; };
		7D312D402BD8A53100F9514E /* EmojiArt.swift in Sources */ = {isa = PBXBuildFile; fileRef = 7D312D3F2BD8A53100F9514E /* EmojiArt.swift */; };
		7D312D422BD8A6DF00F9514E /* EmojArtDocument.swift in Sources */ = {isa = PBXBuildFile; fileRef = 7D312D412BD8A6DF00F9514E /* EmojArtDocument.swift */; };
		7D312D442BD8A97000F9514E /* EmojiArtDocumentView.swift in Sources */ = {isa = PBXBuildFile; fileRef = 7D312D432BD8A97000F9514E /* EmojiArtDocumentView.swift */; };
		7D312D462BD8ACBF00F9514E /* Extensions.swift in Sources */ = {isa = PBXBuildFile; fileRef = 7D312D452BD8ACBF00F9514E /* Extensions.swift */; };
		7D312D482BD8C6BC00F9514E /* SturlData.swift in Sources */ = {isa = PBXBuildFile; fileRef = 7D312D472BD8C6BC00F9514E /* SturlData.swift */; };
		7D312D4A2BD9FA5A00F9514E /* Palette.swift in Sources */ = {isa = PBXBuildFile; fileRef = 7D312D492BD9FA5A00F9514E /* Palette.swift */; };
		7D312D4C2BD9FC1D00F9514E /* PaletteStore.swift in Sources */ = {isa = PBXBuildFile; fileRef = 7D312D4B2BD9FC1D00F9514E /* PaletteStore.swift */; };
		7D312D4E2BDA029C00F9514E /* PaletteChoser.swift in Sources */ = {isa = PBXBuildFile; fileRef = 7D312D4D2BDA029C00F9514E /* PaletteChoser.swift */; };
/* End PBXBuildFile section */

/* Begin PBXFileReference section */
		7D312D2E2BD8A47800F9514E /* Emoji Art.app */ = {isa = PBXFileReference; explicitFileType = wrapper.application; includeInIndex = 0; path = "Emoji Art.app"; sourceTree = BUILT_PRODUCTS_DIR; };
		7D312D312BD8A47800F9514E /* Emoji_ArtApp.swift */ = {isa = PBXFileReference; lastKnownFileType = sourcecode.swift; path = Emoji_ArtApp.swift; sourceTree = "<group>"; };
		7D312D352BD8A47D00F9514E /* Assets.xcassets */ = {isa = PBXFileReference; lastKnownFileType = folder.assetcatalog; path = Assets.xcassets; sourceTree = "<group>"; };
		7D312D382BD8A47D00F9514E /* Preview Assets.xcassets */ = {isa = PBXFileReference; lastKnownFileType = folder.assetcatalog; path = "Preview Assets.xcassets"; sourceTree = "<group>"; };
		7D312D3F2BD8A53100F9514E /* EmojiArt.swift */ = {isa = PBXFileReference; lastKnownFileType = sourcecode.swift; path = EmojiArt.swift; sourceTree = "<group>"; };
		7D312D412BD8A6DF00F9514E /* EmojArtDocument.swift */ = {isa = PBXFileReference; lastKnownFileType = sourcecode.swift; path = EmojArtDocument.swift; sourceTree = "<group>"; };
		7D312D432BD8A97000F9514E /* EmojiArtDocumentView.swift */ = {isa = PBXFileReference; lastKnownFileType = sourcecode.swift; path = EmojiArtDocumentView.swift; sourceTree = "<group>"; };
		7D312D452BD8ACBF00F9514E /* Extensions.swift */ = {isa = PBXFileReference; lastKnownFileType = sourcecode.swift; path = Extensions.swift; sourceTree = "<group>"; };
		7D312D472BD8C6BC00F9514E /* SturlData.swift */ = {isa = PBXFileReference; lastKnownFileType = sourcecode.swift; path = SturlData.swift; sourceTree = "<group>"; };
		7D312D492BD9FA5A00F9514E /* Palette.swift */ = {isa = PBXFileReference; lastKnownFileType = sourcecode.swift; path = Palette.swift; sourceTree = "<group>"; };
		7D312D4B2BD9FC1D00F9514E /* PaletteStore.swift */ = {isa = PBXFileReference; lastKnownFileType = sourcecode.swift; path = PaletteStore.swift; sourceTree = "<group>"; };
		7D312D4D2BDA029C00F9514E /* PaletteChoser.swift */ = {isa = PBXFileReference; lastKnownFileType = sourcecode.swift; path = PaletteChoser.swift; sourceTree = "<group>"; };
/* End PBXFileReference section */

/* Begin PBXFrameworksBuildPhase section */
		7D312D2B2BD8A47800F9514E /* Frameworks */ = {
			isa = PBXFrameworksBuildPhase;
			buildActionMask = 2147483647;
			files = (
			);
			runOnlyForDeploymentPostprocessing = 0;
		};
/* End PBXFrameworksBuildPhase section */

/* Begin PBXGroup section */
		7D312D252BD8A47800F9514E = {
			isa = PBXGroup;
			children = (
				7D312D302BD8A47800F9514E /* Emoji Art */,
				7D312D2F2BD8A47800F9514E /* Products */,
			);
			sourceTree = "<group>";
		};
		7D312D2F2BD8A47800F9514E /* Products */ = {
			isa = PBXGroup;
			children = (
				7D312D2E2BD8A47800F9514E /* Emoji Art.app */,
			);
			name = Products;
			sourceTree = "<group>";
		};
		7D312D302BD8A47800F9514E /* Emoji Art */ = {
			isa = PBXGroup;
			children = (
				7D312D312BD8A47800F9514E /* Emoji_ArtApp.swift */,
				7D312D3F2BD8A53100F9514E /* EmojiArt.swift */,
				7D312D412BD8A6DF00F9514E /* EmojArtDocument.swift */,
				7D312D432BD8A97000F9514E /* EmojiArtDocumentView.swift */,
				7D312D492BD9FA5A00F9514E /* Palette.swift */,
				7D312D4B2BD9FC1D00F9514E /* PaletteStore.swift */,
				7D312D4D2BDA029C00F9514E /* PaletteChoser.swift */,
				7D312D472BD8C6BC00F9514E /* SturlData.swift */,
				7D312D452BD8ACBF00F9514E /* Extensions.swift */,
				7D312D352BD8A47D00F9514E /* Assets.xcassets */,
				7D312D372BD8A47D00F9514E /* Preview Content */,
			);
			path = "Emoji Art";
			sourceTree = "<group>";
		};
		7D312D372BD8A47D00F9514E /* Preview Content */ = {
			isa = PBXGroup;
			children = (
				7D312D382BD8A47D00F9514E /* Preview Assets.xcassets */,
			);
			path = "Preview Content";
			sourceTree = "<group>";
		};
/* End PBXGroup section */

/* Begin PBXNativeTarget section */
		7D312D2D2BD8A47800F9514E /* Emoji Art */ = {
			isa = PBXNativeTarget;
			buildConfigurationList = 7D312D3C2BD8A47D00F9514E /* Build configuration list for PBXNativeTarget "Emoji Art" */;
			buildPhases = (
				7D312D2A2BD8A47800F9514E /* Sources */,
				7D312D2B2BD8A47800F9514E /* Frameworks */,
				7D312D2C2BD8A47800F9514E /* Resources */,
			);
			buildRules = (
			);
			dependencies = (
			);
			name = "Emoji Art";
			productName = "Emoji Art";
			productReference = 7D312D2E2BD8A47800F9514E /* Emoji Art.app */;
			productType = "com.apple.product-type.application";
		};
/* End PBXNativeTarget section */

/* Begin PBXProject section */
		7D312D262BD8A47800F9514E /* Project object */ = {
			isa = PBXProject;
			attributes = {
				BuildIndependentTargetsInParallel = 1;
				LastSwiftUpdateCheck = 1420;
				LastUpgradeCheck = 1420;
				TargetAttributes = {
					7D312D2D2BD8A47800F9514E = {
						CreatedOnToolsVersion = 14.2;
					};
				};
			};
			buildConfigurationList = 7D312D292BD8A47800F9514E /* Build configuration list for PBXProject "Emoji Art" */;
			compatibilityVersion = "Xcode 14.0";
			developmentRegion = en;
			hasScannedForEncodings = 0;
			knownRegions = (
				en,
				Base,
			);
			mainGroup = 7D312D252BD8A47800F9514E;
			productRefGroup = 7D312D2F2BD8A47800F9514E /* Products */;
			projectDirPath = "";
			projectRoot = "";
			targets = (
				7D312D2D2BD8A47800F9514E /* Emoji Art */,
			);
		};
/* End PBXProject section */

/* Begin PBXResourcesBuildPhase section */
		7D312D2C2BD8A47800F9514E /* Resources */ = {
			isa = PBXResourcesBuildPhase;
			buildActionMask = 2147483647;
			files = (
				7D312D392BD8A47D00F9514E /* Preview Assets.xcassets in Resources */,
				7D312D362BD8A47D00F9514E /* Assets.xcassets in Resources */,
			);
			runOnlyForDeploymentPostprocessing = 0;
		};
/* End PBXResourcesBuildPhase section */

/* Begin PBXSourcesBuildPhase section */
		7D312D2A2BD8A47800F9514E /* Sources */ = {
			isa = PBXSourcesBuildPhase;
			buildActionMask = 2147483647;
			files = (
				7D312D402BD8A53100F9514E /* EmojiArt.swift in Sources */,
				7D312D4C2BD9FC1D00F9514E /* PaletteStore.swift in Sources */,
				7D312D462BD8ACBF00F9514E /* Extensions.swift in Sources */,
				7D312D422BD8A6DF00F9514E /* EmojArtDocument.swift in Sources */,
				7D312D4E2BDA029C00F9514E /* PaletteChoser.swift in Sources */,
				7D312D322BD8A47800F9514E /* Emoji_ArtApp.swift in Sources */,
				7D312D482BD8C6BC00F9514E /* SturlData.swift in Sources */,
				7D312D442BD8A97000F9514E /* EmojiArtDocumentView.swift in Sources */,
				7D312D4A2BD9FA5A00F9514E /* Palette.swift in Sources */,
			);
			runOnlyForDeploymentPostprocessing = 0;
		};
/* End PBXSourcesBuildPhase section */

/* Begin XCBuildConfiguration section */
		7D312D3A2BD8A47D00F9514E /* Debug */ = {
			isa = XCBuildConfiguration;
			buildSettings = {
				ALWAYS_SEARCH_USER_PATHS = NO;
				CLANG_ANALYZER_NONNULL = YES;
				CLANG_ANALYZER_NUMBER_OBJECT_CONVERSION = YES_AGGRESSIVE;
				CLANG_CXX_LANGUAGE_STANDARD = "gnu++20";
				CLANG_ENABLE_MODULES = YES;
				CLANG_ENABLE_OBJC_ARC = YES;
				CLANG_ENABLE_OBJC_WEAK = YES;
				CLANG_WARN_BLOCK_CAPTURE_AUTORELEASING = YES;
				CLANG_WARN_BOOL_CONVERSION = YES;
				CLANG_WARN_COMMA = YES;
				CLANG_WARN_CONSTANT_CONVERSION = YES;
				CLANG_WARN_DEPRECATED_OBJC_IMPLEMENTATIONS = YES;
				CLANG_WARN_DIRECT_OBJC_ISA_USAGE = YES_ERROR;
				CLANG_WARN_DOCUMENTATION_COMMENTS = YES;
				CLANG_WARN_EMPTY_BODY = YES;
				CLANG_WARN_ENUM_CONVERSION = YES;
				CLANG_WARN_INFINITE_RECURSION = YES;
				CLANG_WARN_INT_CONVERSION = YES;
				CLANG_WARN_NON_LITERAL_NULL_CONVERSION = YES;
				CLANG_WARN_OBJC_IMPLICIT_RETAIN_SELF = YES;
				CLANG_WARN_OBJC_LITERAL_CONVERSION = YES;
				CLANG_WARN_OBJC_ROOT_CLASS = YES_ERROR;
				CLANG_WARN_QUOTED_INCLUDE_IN_FRAMEWORK_HEADER = YES;
				CLANG_WARN_RANGE_LOOP_ANALYSIS = YES;
				CLANG_WARN_STRICT_PROTOTYPES = YES;
				CLANG_WARN_SUSPICIOUS_MOVE = YES;
				CLANG_WARN_UNGUARDED_AVAILABILITY = YES_AGGRESSIVE;
				CLANG_WARN_UNREACHABLE_CODE = YES;
				CLANG_WARN__DUPLICATE_METHOD_MATCH = YES;
				COPY_PHASE_STRIP = NO;
				DEBUG_INFORMATION_FORMAT = dwarf;
				ENABLE_STRICT_OBJC_MSGSEND = YES;
				ENABLE_TESTABILITY = YES;
				GCC_C_LANGUAGE_STANDARD = gnu11;
				GCC_DYNAMIC_NO_PIC = NO;
				GCC_NO_COMMON_BLOCKS = YES;
				GCC_OPTIMIZATION_LEVEL = 0;
				GCC_PREPROCESSOR_DEFINITIONS = (
					"DEBUG=1",
					"$(inherited)",
				);
				GCC_WARN_64_TO_32_BIT_CONVERSION = YES;
				GCC_WARN_ABOUT_RETURN_TYPE = YES_ERROR;
				GCC_WARN_UNDECLARED_SELECTOR = YES;
				GCC_WARN_UNINITIALIZED_AUTOS = YES_AGGRESSIVE;
				GCC_WARN_UNUSED_FUNCTION = YES;
				GCC_WARN_UNUSED_VARIABLE = YES;
				IPHONEOS_DEPLOYMENT_TARGET = 16.2;
				MTL_ENABLE_DEBUG_INFO = INCLUDE_SOURCE;
				MTL_FAST_MATH = YES;
				ONLY_ACTIVE_ARCH = YES;
				SDKROOT = iphoneos;
				SWIFT_ACTIVE_COMPILATION_CONDITIONS = DEBUG;
				SWIFT_OPTIMIZATION_LEVEL = "-Onone";
			};
			name = Debug;
		};
		7D312D3B2BD8A47D00F9514E /* Release */ = {
			isa = XCBuildConfiguration;
			buildSettings = {
				ALWAYS_SEARCH_USER_PATHS = NO;
				CLANG_ANALYZER_NONNULL = YES;
				CLANG_ANALYZER_NUMBER_OBJECT_CONVERSION = YES_AGGRESSIVE;
				CLANG_CXX_LANGUAGE_STANDARD = "gnu++20";
				CLANG_ENABLE_MODULES = YES;
				CLANG_ENABLE_OBJC_ARC = YES;
				CLANG_ENABLE_OBJC_WEAK = YES;
				CLANG_WARN_BLOCK_CAPTURE_AUTORELEASING = YES;
				CLANG_WARN_BOOL_CONVERSION = YES;
				CLANG_WARN_COMMA = YES;
				CLANG_WARN_CONSTANT_CONVERSION = YES;
				CLANG_WARN_DEPRECATED_OBJC_IMPLEMENTATIONS = YES;
				CLANG_WARN_DIRECT_OBJC_ISA_USAGE = YES_ERROR;
				CLANG_WARN_DOCUMENTATION_COMMENTS = YES;
				CLANG_WARN_EMPTY_BODY = YES;
				CLANG_WARN_ENUM_CONVERSION = YES;
				CLANG_WARN_INFINITE_RECURSION = YES;
				CLANG_WARN_INT_CONVERSION = YES;
				CLANG_WARN_NON_LITERAL_NULL_CONVERSION = YES;
				CLANG_WARN_OBJC_IMPLICIT_RETAIN_SELF = YES;
				CLANG_WARN_OBJC_LITERAL_CONVERSION = YES;
				CLANG_WARN_OBJC_ROOT_CLASS = YES_ERROR;
				CLANG_WARN_QUOTED_INCLUDE_IN_FRAMEWORK_HEADER = YES;
				CLANG_WARN_RANGE_LOOP_ANALYSIS = YES;
				CLANG_WARN_STRICT_PROTOTYPES = YES;
				CLANG_WARN_SUSPICIOUS_MOVE = YES;
				CLANG_WARN_UNGUARDED_AVAILABILITY = YES_AGGRESSIVE;
				CLANG_WARN_UNREACHABLE_CODE = YES;
				CLANG_WARN__DUPLICATE_METHOD_MATCH = YES;
				COPY_PHASE_STRIP = NO;
				DEBUG_INFORMATION_FORMAT = "dwarf-with-dsym";
				ENABLE_NS_ASSERTIONS = NO;
				ENABLE_STRICT_OBJC_MSGSEND = YES;
				GCC_C_LANGUAGE_STANDARD = gnu11;
				GCC_NO_COMMON_BLOCKS = YES;
				GCC_WARN_64_TO_32_BIT_CONVERSION = YES;
				GCC_WARN_ABOUT_RETURN_TYPE = YES_ERROR;
				GCC_WARN_UNDECLARED_SELECTOR = YES;
				GCC_WARN_UNINITIALIZED_AUTOS = YES_AGGRESSIVE;
				GCC_WARN_UNUSED_FUNCTION = YES;
				GCC_WARN_UNUSED_VARIABLE = YES;
				IPHONEOS_DEPLOYMENT_TARGET = 16.2;
				MTL_ENABLE_DEBUG_INFO = NO;
				MTL_FAST_MATH = YES;
				SDKROOT = iphoneos;
				SWIFT_COMPILATION_MODE = wholemodule;
				SWIFT_OPTIMIZATION_LEVEL = "-O";
				VALIDATE_PRODUCT = YES;
			};
			name = Release;
		};
		7D312D3D2BD8A47D00F9514E /* Debug */ = {
			isa = XCBuildConfiguration;
			buildSettings = {
				ASSETCATALOG_COMPILER_APPICON_NAME = AppIcon;
				ASSETCATALOG_COMPILER_GLOBAL_ACCENT_COLOR_NAME = AccentColor;
				CODE_SIGN_STYLE = Automatic;
				CURRENT_PROJECT_VERSION = 1;
				DEVELOPMENT_ASSET_PATHS = "\"Emoji Art/Preview Content\"";
				DEVELOPMENT_TEAM = Q584Y8R5N9;
				ENABLE_PREVIEWS = YES;
				GENERATE_INFOPLIST_FILE = YES;
				INFOPLIST_KEY_UIApplicationSceneManifest_Generation = YES;
				INFOPLIST_KEY_UIApplicationSupportsIndirectInputEvents = YES;
				INFOPLIST_KEY_UILaunchScreen_Generation = YES;
				INFOPLIST_KEY_UISupportedInterfaceOrientations_iPad = "UIInterfaceOrientationPortrait UIInterfaceOrientationPortraitUpsideDown UIInterfaceOrientationLandscapeLeft UIInterfaceOrientationLandscapeRight";
				INFOPLIST_KEY_UISupportedInterfaceOrientations_iPhone = "UIInterfaceOrientationPortrait UIInterfaceOrientationLandscapeLeft UIInterfaceOrientationLandscapeRight";
				LD_RUNPATH_SEARCH_PATHS = (
					"$(inherited)",
					"@executable_path/Frameworks",
				);
				MARKETING_VERSION = 1.0;
				PRODUCT_BUNDLE_IDENTIFIER = "v.Emoji-Art";
				PRODUCT_NAME = "$(TARGET_NAME)";
				SWIFT_EMIT_LOC_STRINGS = YES;
				SWIFT_VERSION = 5.0;
				TARGETED_DEVICE_FAMILY = "1,2";
			};
			name = Debug;
		};
		7D312D3E2BD8A47D00F9514E /* Release */ = {
			isa = XCBuildConfiguration;
			buildSettings = {
				ASSETCATALOG_COMPILER_APPICON_NAME = AppIcon;
				ASSETCATALOG_COMPILER_GLOBAL_ACCENT_COLOR_NAME = AccentColor;
				CODE_SIGN_STYLE = Automatic;
				CURRENT_PROJECT_VERSION = 1;
				DEVELOPMENT_ASSET_PATHS = "\"Emoji Art/Preview Content\"";
				DEVELOPMENT_TEAM = Q584Y8R5N9;
				ENABLE_PREVIEWS = YES;
				GENERATE_INFOPLIST_FILE = YES;
				INFOPLIST_KEY_UIApplicationSceneManifest_Generation = YES;
				INFOPLIST_KEY_UIApplicationSupportsIndirectInputEvents = YES;
				INFOPLIST_KEY_UILaunchScreen_Generation = YES;
				INFOPLIST_KEY_UISupportedInterfaceOrientations_iPad = "UIInterfaceOrientationPortrait UIInterfaceOrientationPortraitUpsideDown UIInterfaceOrientationLandscapeLeft UIInterfaceOrientationLandscapeRight";
				INFOPLIST_KEY_UISupportedInterfaceOrientations_iPhone = "UIInterfaceOrientationPortrait UIInterfaceOrientationLandscapeLeft UIInterfaceOrientationLandscapeRight";
				LD_RUNPATH_SEARCH_PATHS = (
					"$(inherited)",
					"@executable_path/Frameworks",
				);
				MARKETING_VERSION = 1.0;
				PRODUCT_BUNDLE_IDENTIFIER = "v.Emoji-Art";
				PRODUCT_NAME = "$(TARGET_NAME)";
				SWIFT_EMIT_LOC_STRINGS = YES;
				SWIFT_VERSION = 5.0;
				TARGETED_DEVICE_FAMILY = "1,2";
			};
			name = Release;
		};
/* End XCBuildConfiguration section */

/* Begin XCConfigurationList section */
		7D312D292BD8A47800F9514E /* Build configuration list for PBXProject "Emoji Art" */ = {
			isa = XCConfigurationList;
			buildConfigurations = (
				7D312D3A2BD8A47D00F9514E /* Debug */,
				7D312D3B2BD8A47D00F9514E /* Release */,
			);
			defaultConfigurationIsVisible = 0;
			defaultConfigurationName = Release;
		};
		7D312D3C2BD8A47D00F9514E /* Build configuration list for PBXNativeTarget "Emoji Art" */ = {
			isa = XCConfigurationList;
			buildConfigurations = (
				7D312D3D2BD8A47D00F9514E /* Debug */,
				7D312D3E2BD8A47D00F9514E /* Release */,
			);
			defaultConfigurationIsVisible = 0;
			defaultConfigurationName = Release;
		};
/* End XCConfigurationList section */
	};
	rootObject = 7D312D262BD8A47800F9514E /* Project object */;
}
